
Microsoft Visual Studio Solution File, Format Version 12.00
# Visual Studio Version 17
VisualStudioVersion = 17.2.32630.192
MinimumVisualStudioVersion = 10.0.40219.1
Project("{9A19103F-16F7-4668-BE54-9A1E7A4F7556}") = "SeelansTyres.Frontends.Mvc", "Frontends\SeelansTyres.Frontends.Mvc\SeelansTyres.Frontends.Mvc.csproj", "{BF43EC2A-C4D6-4028-97C6-DDD376D74351}"
EndProject
Project("{9A19103F-16F7-4668-BE54-9A1E7A4F7556}") = "SeelansTyres.Services.OrderService", "Services\SeelansTyres.Services.OrderService\SeelansTyres.Services.OrderService.csproj", "{B01BC7E3-05FD-43ED-929E-BDDC9B50B720}"
EndProject
Project("{2150E333-8FDC-42A3-9474-1A3956D46DE8}") = "Frontends", "Frontends", "{8C701E00-3EE9-4873-AD67-76DB1D6FEF76}"
EndProject
Project("{2150E333-8FDC-42A3-9474-1A3956D46DE8}") = "Services", "Services", "{EDF1CEF6-FC00-46F6-A75D-64F9C52935B6}"
EndProject
Project("{9A19103F-16F7-4668-BE54-9A1E7A4F7556}") = "SeelansTyres.Services.TyresService", "Services\SeelansTyres.Services.TyresService\SeelansTyres.Services.TyresService.csproj", "{F436499C-36BD-451B-83BE-B9C5A414158A}"
EndProject
Project("{9A19103F-16F7-4668-BE54-9A1E7A4F7556}") = "SeelansTyres.Services.AddressService", "Services\SeelansTyres.Services.AddressService\SeelansTyres.Services.AddressService.csproj", "{108D593A-5141-4005-BA3D-801FAE819B63}"
EndProject
Project("{9A19103F-16F7-4668-BE54-9A1E7A4F7556}") = "SeelansTyres.Services.IdentityService", "Services\SeelansTyres.Services.IdentityService\SeelansTyres.Services.IdentityService.csproj", "{B2C9FAC3-F99E-4D35-BECB-B320054A8430}"
EndProject
Project("{2150E333-8FDC-42A3-9474-1A3956D46DE8}") = "Gateways", "Gateways", "{CC13D708-8320-4B4E-B747-F7C3F924847C}"
EndProject
Project("{9A19103F-16F7-4668-BE54-9A1E7A4F7556}") = "SeelansTyres.Gateways.MvcBff", "Gateways\SeelansTyres.Gateways.MvcBff\SeelansTyres.Gateways.MvcBff.csproj", "{1CB8AD49-C9E8-407B-9E88-D2DFCBEB6D05}"
EndProject
Project("{2150E333-8FDC-42A3-9474-1A3956D46DE8}") = "Libraries", "Libraries", "{C0D2A10C-64F4-4A78-A0D5-8C74C0FAF7C2}"
EndProject
Project("{9A19103F-16F7-4668-BE54-9A1E7A4F7556}") = "SeelansTyres.Libraries.Shared", "Libraries\SeelansTyres.Libraries.Shared\SeelansTyres.Libraries.Shared.csproj", "{076E0771-AEC1-4693-8869-97E9FE458634}"
EndProject
Project("{FAE04EC0-301F-11D3-BF4B-00C04F79EFBC}") = "SeelansTyres.Frontends.HealthChecksUI", "Frontends\SeelansTyres.Frontends.HealthChecksUI\SeelansTyres.Frontends.HealthChecksUI.csproj", "{1705A863-4808-4376-B657-2D679372DB25}"
EndProject
Global
	GlobalSection(SolutionConfigurationPlatforms) = preSolution
		Debug|Any CPU = Debug|Any CPU
		Release|Any CPU = Release|Any CPU
	EndGlobalSection
	GlobalSection(ProjectConfigurationPlatforms) = postSolution
		{BF43EC2A-C4D6-4028-97C6-DDD376D74351}.Debug|Any CPU.ActiveCfg = Debug|Any CPU
		{BF43EC2A-C4D6-4028-97C6-DDD376D74351}.Debug|Any CPU.Build.0 = Debug|Any CPU
		{BF43EC2A-C4D6-4028-97C6-DDD376D74351}.Release|Any CPU.ActiveCfg = Release|Any CPU
		{BF43EC2A-C4D6-4028-97C6-DDD376D74351}.Release|Any CPU.Build.0 = Release|Any CPU
		{B01BC7E3-05FD-43ED-929E-BDDC9B50B720}.Debug|Any CPU.ActiveCfg = Debug|Any CPU
		{B01BC7E3-05FD-43ED-929E-BDDC9B50B720}.Debug|Any CPU.Build.0 = Debug|Any CPU
		{B01BC7E3-05FD-43ED-929E-BDDC9B50B720}.Release|Any CPU.ActiveCfg = Release|Any CPU
		{B01BC7E3-05FD-43ED-929E-BDDC9B50B720}.Release|Any CPU.Build.0 = Release|Any CPU
		{F436499C-36BD-451B-83BE-B9C5A414158A}.Debug|Any CPU.ActiveCfg = Debug|Any CPU
		{F436499C-36BD-451B-83BE-B9C5A414158A}.Debug|Any CPU.Build.0 = Debug|Any CPU
		{F436499C-36BD-451B-83BE-B9C5A414158A}.Release|Any CPU.ActiveCfg = Release|Any CPU
		{F436499C-36BD-451B-83BE-B9C5A414158A}.Release|Any CPU.Build.0 = Release|Any CPU
		{108D593A-5141-4005-BA3D-801FAE819B63}.Debug|Any CPU.ActiveCfg = Debug|Any CPU
		{108D593A-5141-4005-BA3D-801FAE819B63}.Debug|Any CPU.Build.0 = Debug|Any CPU
		{108D593A-5141-4005-BA3D-801FAE819B63}.Release|Any CPU.ActiveCfg = Release|Any CPU
		{108D593A-5141-4005-BA3D-801FAE819B63}.Release|Any CPU.Build.0 = Release|Any CPU
		{B2C9FAC3-F99E-4D35-BECB-B320054A8430}.Debug|Any CPU.ActiveCfg = Debug|Any CPU
		{B2C9FAC3-F99E-4D35-BECB-B320054A8430}.Debug|Any CPU.Build.0 = Debug|Any CPU
		{B2C9FAC3-F99E-4D35-BECB-B320054A8430}.Release|Any CPU.ActiveCfg = Release|Any CPU
		{B2C9FAC3-F99E-4D35-BECB-B320054A8430}.Release|Any CPU.Build.0 = Release|Any CPU
		{1CB8AD49-C9E8-407B-9E88-D2DFCBEB6D05}.Debug|Any CPU.ActiveCfg = Debug|Any CPU
		{1CB8AD49-C9E8-407B-9E88-D2DFCBEB6D05}.Debug|Any CPU.Build.0 = Debug|Any CPU
		{1CB8AD49-C9E8-407B-9E88-D2DFCBEB6D05}.Release|Any CPU.ActiveCfg = Release|Any CPU
		{1CB8AD49-C9E8-407B-9E88-D2DFCBEB6D05}.Release|Any CPU.Build.0 = Release|Any CPU
		{076E0771-AEC1-4693-8869-97E9FE458634}.Debug|Any CPU.ActiveCfg = Debug|Any CPU
		{076E0771-AEC1-4693-8869-97E9FE458634}.Debug|Any CPU.Build.0 = Debug|Any CPU
		{076E0771-AEC1-4693-8869-97E9FE458634}.Release|Any CPU.ActiveCfg = Release|Any CPU
		{076E0771-AEC1-4693-8869-97E9FE458634}.Release|Any CPU.Build.0 = Release|Any CPU
		{1705A863-4808-4376-B657-2D679372DB25}.Debug|Any CPU.ActiveCfg = Debug|Any CPU
		{1705A863-4808-4376-B657-2D679372DB25}.Debug|Any CPU.Build.0 = Debug|Any CPU
		{1705A863-4808-4376-B657-2D679372DB25}.Release|Any CPU.ActiveCfg = Release|Any CPU
		{1705A863-4808-4376-B657-2D679372DB25}.Release|Any CPU.Build.0 = Release|Any CPU
	EndGlobalSection
	GlobalSection(SolutionProperties) = preSolution
		HideSolutionNode = FALSE
	EndGlobalSection
	GlobalSection(NestedProjects) = preSolution
		{BF43EC2A-C4D6-4028-97C6-DDD376D74351} = {8C701E00-3EE9-4873-AD67-76DB1D6FEF76}
		{B01BC7E3-05FD-43ED-929E-BDDC9B50B720} = {EDF1CEF6-FC00-46F6-A75D-64F9C52935B6}
		{F436499C-36BD-451B-83BE-B9C5A414158A} = {EDF1CEF6-FC00-46F6-A75D-64F9C52935B6}
		{108D593A-5141-4005-BA3D-801FAE819B63} = {EDF1CEF6-FC00-46F6-A75D-64F9C52935B6}
		{B2C9FAC3-F99E-4D35-BECB-B320054A8430} = {EDF1CEF6-FC00-46F6-A75D-64F9C52935B6}
		{1CB8AD49-C9E8-407B-9E88-D2DFCBEB6D05} = {CC13D708-8320-4B4E-B747-F7C3F924847C}
		{076E0771-AEC1-4693-8869-97E9FE458634} = {C0D2A10C-64F4-4A78-A0D5-8C74C0FAF7C2}
		{1705A863-4808-4376-B657-2D679372DB25} = {8C701E00-3EE9-4873-AD67-76DB1D6FEF76}
	EndGlobalSection
	GlobalSection(ExtensibilityGlobals) = postSolution
		SolutionGuid = {6C5A8447-9A96-4A1C-AD8D-D29233AA88E4}
	EndGlobalSection
EndGlobal
